// !$*UTF8*$!
{
	archiveVersion = 1;
	classes = {
	};
	objectVersion = 55;
	objects = {

/* Begin PBXBuildFile section */
		1236C80FA9F73E04C51659CF /* Pods_Twitter.framework in Frameworks */ = {isa = PBXBuildFile; fileRef = 5B9D811AF9F1FEC39A194E78 /* Pods_Twitter.framework */; };
		781CF34227B9E22F00F502E8 /* AppDelegate.swift in Sources */ = {isa = PBXBuildFile; fileRef = 781CF34127B9E22F00F502E8 /* AppDelegate.swift */; };
		781CF34427B9E22F00F502E8 /* SceneDelegate.swift in Sources */ = {isa = PBXBuildFile; fileRef = 781CF34327B9E22F00F502E8 /* SceneDelegate.swift */; };
		781CF34927B9E22F00F502E8 /* Main.storyboard in Resources */ = {isa = PBXBuildFile; fileRef = 781CF34727B9E22F00F502E8 /* Main.storyboard */; };
		781CF34B27B9E23100F502E8 /* Assets.xcassets in Resources */ = {isa = PBXBuildFile; fileRef = 781CF34A27B9E23100F502E8 /* Assets.xcassets */; };
		781CF34E27B9E23100F502E8 /* LaunchScreen.storyboard in Resources */ = {isa = PBXBuildFile; fileRef = 781CF34C27B9E23100F502E8 /* LaunchScreen.storyboard */; };
		781CF36027B9E4D700F502E8 /* Extensions.swift in Sources */ = {isa = PBXBuildFile; fileRef = 781CF35F27B9E4D700F502E8 /* Extensions.swift */; };
		781CF36227B9E54000F502E8 /* MainTabController.swift in Sources */ = {isa = PBXBuildFile; fileRef = 781CF36127B9E54000F502E8 /* MainTabController.swift */; };
		781CF36427B9E56C00F502E8 /* FeedController.swift in Sources */ = {isa = PBXBuildFile; fileRef = 781CF36327B9E56C00F502E8 /* FeedController.swift */; };
		781CF36627B9E57A00F502E8 /* ExploreController.swift in Sources */ = {isa = PBXBuildFile; fileRef = 781CF36527B9E57A00F502E8 /* ExploreController.swift */; };
		781CF36827B9E58C00F502E8 /* NotificationsController.swift in Sources */ = {isa = PBXBuildFile; fileRef = 781CF36727B9E58C00F502E8 /* NotificationsController.swift */; };
		781CF36A27B9E59600F502E8 /* ConversationsController.swift in Sources */ = {isa = PBXBuildFile; fileRef = 781CF36927B9E59600F502E8 /* ConversationsController.swift */; };
		781CF36D27B9E74800F502E8 /* LoginController.swift in Sources */ = {isa = PBXBuildFile; fileRef = 781CF36C27B9E74800F502E8 /* LoginController.swift */; };
		781CF36F27B9E80200F502E8 /* RegistrationController.swift in Sources */ = {isa = PBXBuildFile; fileRef = 781CF36E27B9E80200F502E8 /* RegistrationController.swift */; };
		782E9F4B27BAD0300027A410 /* Utilities.swift in Sources */ = {isa = PBXBuildFile; fileRef = 782E9F4A27BAD0300027A410 /* Utilities.swift */; };
		7832816727D0040C00D59236 /* UploadTweetController.swift in Sources */ = {isa = PBXBuildFile; fileRef = 7832816627D0040C00D59236 /* UploadTweetController.swift */; };
		7833C56327D3DD05003D2FCF /* TweetViewModel.swift in Sources */ = {isa = PBXBuildFile; fileRef = 7833C56227D3DD05003D2FCF /* TweetViewModel.swift */; };
		7834376E27D136B200D9E648 /* CaptionTextView.swift in Sources */ = {isa = PBXBuildFile; fileRef = 7834376D27D136B200D9E648 /* CaptionTextView.swift */; };
		7834377027D1428D00D9E648 /* TweetService.swift in Sources */ = {isa = PBXBuildFile; fileRef = 7834376F27D1428D00D9E648 /* TweetService.swift */; };
		784605D027C3190E00C43D23 /* AuthService.swift in Sources */ = {isa = PBXBuildFile; fileRef = 784605CF27C3190E00C43D23 /* AuthService.swift */; };
		784FE5F027D28FAA00E3C1ED /* Tweet.swift in Sources */ = {isa = PBXBuildFile; fileRef = 784FE5EF27D28FAA00E3C1ED /* Tweet.swift */; };
		784FE5F227D297E000E3C1ED /* TweetCell.swift in Sources */ = {isa = PBXBuildFile; fileRef = 784FE5F127D297DF00E3C1ED /* TweetCell.swift */; };
		785302D527C01BA3001709B4 /* Contants.swift in Sources */ = {isa = PBXBuildFile; fileRef = 785302D427C01BA3001709B4 /* Contants.swift */; };
		78A8E4AA27BC1F69006CF751 /* GoogleService-Info.plist in Resources */ = {isa = PBXBuildFile; fileRef = 78A8E4A927BC1F69006CF751 /* GoogleService-Info.plist */; };
		78AC859127C4138C00C98D04 /* UserService.swift in Sources */ = {isa = PBXBuildFile; fileRef = 78AC859027C4138C00C98D04 /* UserService.swift */; };
		78AC859327C4190500C98D04 /* User.swift in Sources */ = {isa = PBXBuildFile; fileRef = 78AC859227C4190500C98D04 /* User.swift */; };
/* End PBXBuildFile section */

/* Begin PBXFileReference section */
		5A6CD07E646D56D54A9ED2C2 /* Pods-Twitter.debug.xcconfig */ = {isa = PBXFileReference; includeInIndex = 1; lastKnownFileType = text.xcconfig; name = "Pods-Twitter.debug.xcconfig"; path = "Target Support Files/Pods-Twitter/Pods-Twitter.debug.xcconfig"; sourceTree = "<group>"; };
		5B9D811AF9F1FEC39A194E78 /* Pods_Twitter.framework */ = {isa = PBXFileReference; explicitFileType = wrapper.framework; includeInIndex = 0; path = Pods_Twitter.framework; sourceTree = BUILT_PRODUCTS_DIR; };
		781CF33E27B9E22F00F502E8 /* Twitter.app */ = {isa = PBXFileReference; explicitFileType = wrapper.application; includeInIndex = 0; path = Twitter.app; sourceTree = BUILT_PRODUCTS_DIR; };
		781CF34127B9E22F00F502E8 /* AppDelegate.swift */ = {isa = PBXFileReference; lastKnownFileType = sourcecode.swift; path = AppDelegate.swift; sourceTree = "<group>"; };
		781CF34327B9E22F00F502E8 /* SceneDelegate.swift */ = {isa = PBXFileReference; lastKnownFileType = sourcecode.swift; path = SceneDelegate.swift; sourceTree = "<group>"; };
		781CF34827B9E22F00F502E8 /* Base */ = {isa = PBXFileReference; lastKnownFileType = file.storyboard; name = Base; path = Base.lproj/Main.storyboard; sourceTree = "<group>"; };
		781CF34A27B9E23100F502E8 /* Assets.xcassets */ = {isa = PBXFileReference; lastKnownFileType = folder.assetcatalog; path = Assets.xcassets; sourceTree = "<group>"; };
		781CF34D27B9E23100F502E8 /* Base */ = {isa = PBXFileReference; lastKnownFileType = file.storyboard; name = Base; path = Base.lproj/LaunchScreen.storyboard; sourceTree = "<group>"; };
		781CF34F27B9E23100F502E8 /* Info.plist */ = {isa = PBXFileReference; lastKnownFileType = text.plist.xml; path = Info.plist; sourceTree = "<group>"; };
		781CF35F27B9E4D700F502E8 /* Extensions.swift */ = {isa = PBXFileReference; lastKnownFileType = sourcecode.swift; path = Extensions.swift; sourceTree = "<group>"; };
		781CF36127B9E54000F502E8 /* MainTabController.swift */ = {isa = PBXFileReference; lastKnownFileType = sourcecode.swift; path = MainTabController.swift; sourceTree = "<group>"; };
		781CF36327B9E56C00F502E8 /* FeedController.swift */ = {isa = PBXFileReference; lastKnownFileType = sourcecode.swift; path = FeedController.swift; sourceTree = "<group>"; };
		781CF36527B9E57A00F502E8 /* ExploreController.swift */ = {isa = PBXFileReference; lastKnownFileType = sourcecode.swift; path = ExploreController.swift; sourceTree = "<group>"; };
		781CF36727B9E58C00F502E8 /* NotificationsController.swift */ = {isa = PBXFileReference; lastKnownFileType = sourcecode.swift; path = NotificationsController.swift; sourceTree = "<group>"; };
		781CF36927B9E59600F502E8 /* ConversationsController.swift */ = {isa = PBXFileReference; lastKnownFileType = sourcecode.swift; path = ConversationsController.swift; sourceTree = "<group>"; };
		781CF36C27B9E74800F502E8 /* LoginController.swift */ = {isa = PBXFileReference; lastKnownFileType = sourcecode.swift; path = LoginController.swift; sourceTree = "<group>"; };
		781CF36E27B9E80200F502E8 /* RegistrationController.swift */ = {isa = PBXFileReference; lastKnownFileType = sourcecode.swift; path = RegistrationController.swift; sourceTree = "<group>"; };
		782E9F4A27BAD0300027A410 /* Utilities.swift */ = {isa = PBXFileReference; lastKnownFileType = sourcecode.swift; path = Utilities.swift; sourceTree = "<group>"; };
		7832816627D0040C00D59236 /* UploadTweetController.swift */ = {isa = PBXFileReference; lastKnownFileType = sourcecode.swift; path = UploadTweetController.swift; sourceTree = "<group>"; };
		7833C56227D3DD05003D2FCF /* TweetViewModel.swift */ = {isa = PBXFileReference; lastKnownFileType = sourcecode.swift; path = TweetViewModel.swift; sourceTree = "<group>"; };
		7834376D27D136B200D9E648 /* CaptionTextView.swift */ = {isa = PBXFileReference; lastKnownFileType = sourcecode.swift; path = CaptionTextView.swift; sourceTree = "<group>"; };
		7834376F27D1428D00D9E648 /* TweetService.swift */ = {isa = PBXFileReference; lastKnownFileType = sourcecode.swift; path = TweetService.swift; sourceTree = "<group>"; };
		784605CF27C3190E00C43D23 /* AuthService.swift */ = {isa = PBXFileReference; lastKnownFileType = sourcecode.swift; path = AuthService.swift; sourceTree = "<group>"; };
		784FE5EF27D28FAA00E3C1ED /* Tweet.swift */ = {isa = PBXFileReference; lastKnownFileType = sourcecode.swift; path = Tweet.swift; sourceTree = "<group>"; };
		784FE5F127D297DF00E3C1ED /* TweetCell.swift */ = {isa = PBXFileReference; lastKnownFileType = sourcecode.swift; path = TweetCell.swift; sourceTree = "<group>"; };
		785302D427C01BA3001709B4 /* Contants.swift */ = {isa = PBXFileReference; lastKnownFileType = sourcecode.swift; path = Contants.swift; sourceTree = "<group>"; };
		78A8E4A927BC1F69006CF751 /* GoogleService-Info.plist */ = {isa = PBXFileReference; fileEncoding = 4; lastKnownFileType = text.plist.xml; name = "GoogleService-Info.plist"; path = "../../../../Downloads/GoogleService-Info.plist"; sourceTree = "<group>"; };
		78AC859027C4138C00C98D04 /* UserService.swift */ = {isa = PBXFileReference; lastKnownFileType = sourcecode.swift; path = UserService.swift; sourceTree = "<group>"; };
		78AC859227C4190500C98D04 /* User.swift */ = {isa = PBXFileReference; lastKnownFileType = sourcecode.swift; path = User.swift; sourceTree = "<group>"; };
		D4C5528C14C275544C640930 /* Pods-Twitter.release.xcconfig */ = {isa = PBXFileReference; includeInIndex = 1; lastKnownFileType = text.xcconfig; name = "Pods-Twitter.release.xcconfig"; path = "Target Support Files/Pods-Twitter/Pods-Twitter.release.xcconfig"; sourceTree = "<group>"; };
/* End PBXFileReference section */

/* Begin PBXFrameworksBuildPhase section */
		781CF33B27B9E22F00F502E8 /* Frameworks */ = {
			isa = PBXFrameworksBuildPhase;
			buildActionMask = 2147483647;
			files = (
				1236C80FA9F73E04C51659CF /* Pods_Twitter.framework in Frameworks */,
			);
			runOnlyForDeploymentPostprocessing = 0;
		};
/* End PBXFrameworksBuildPhase section */

/* Begin PBXGroup section */
		27D81B087180CFE86DCB3B10 /* Frameworks */ = {
			isa = PBXGroup;
			children = (
				5B9D811AF9F1FEC39A194E78 /* Pods_Twitter.framework */,
			);
			name = Frameworks;
			sourceTree = "<group>";
		};
		3D3F98A51473E44DA030061D /* Pods */ = {
			isa = PBXGroup;
			children = (
				5A6CD07E646D56D54A9ED2C2 /* Pods-Twitter.debug.xcconfig */,
				D4C5528C14C275544C640930 /* Pods-Twitter.release.xcconfig */,
			);
			path = Pods;
			sourceTree = "<group>";
		};
		781CF33527B9E22F00F502E8 = {
			isa = PBXGroup;
			children = (
				781CF34027B9E22F00F502E8 /* Twitter */,
				781CF33F27B9E22F00F502E8 /* Products */,
				3D3F98A51473E44DA030061D /* Pods */,
				27D81B087180CFE86DCB3B10 /* Frameworks */,
			);
			sourceTree = "<group>";
		};
		781CF33F27B9E22F00F502E8 /* Products */ = {
			isa = PBXGroup;
			children = (
				781CF33E27B9E22F00F502E8 /* Twitter.app */,
			);
			name = Products;
			sourceTree = "<group>";
		};
		781CF34027B9E22F00F502E8 /* Twitter */ = {
			isa = PBXGroup;
			children = (
				781CF35527B9E44800F502E8 /* Model */,
				781CF35627B9E44F00F502E8 /* View */,
				781CF35827B9E45D00F502E8 /* ViewModel */,
				781CF35B27B9E47300F502E8 /* Controller */,
				781CF35C27B9E47C00F502E8 /* API */,
				781CF35E27B9E48300F502E8 /* Utils */,
				781CF34127B9E22F00F502E8 /* AppDelegate.swift */,
				781CF34327B9E22F00F502E8 /* SceneDelegate.swift */,
				781CF34727B9E22F00F502E8 /* Main.storyboard */,
				78A8E4A927BC1F69006CF751 /* GoogleService-Info.plist */,
				781CF34A27B9E23100F502E8 /* Assets.xcassets */,
				781CF34C27B9E23100F502E8 /* LaunchScreen.storyboard */,
				781CF34F27B9E23100F502E8 /* Info.plist */,
			);
			path = Twitter;
			sourceTree = "<group>";
		};
		781CF35527B9E44800F502E8 /* Model */ = {
			isa = PBXGroup;
			children = (
				78AC859227C4190500C98D04 /* User.swift */,
				784FE5EF27D28FAA00E3C1ED /* Tweet.swift */,
			);
			path = Model;
			sourceTree = "<group>";
		};
		781CF35627B9E44F00F502E8 /* View */ = {
			isa = PBXGroup;
			children = (
				7834376D27D136B200D9E648 /* CaptionTextView.swift */,
				784FE5F127D297DF00E3C1ED /* TweetCell.swift */,
			);
			path = View;
			sourceTree = "<group>";
		};
		781CF35827B9E45D00F502E8 /* ViewModel */ = {
			isa = PBXGroup;
			children = (
				7833C56227D3DD05003D2FCF /* TweetViewModel.swift */,
			);
			path = ViewModel;
			sourceTree = "<group>";
		};
		781CF35B27B9E47300F502E8 /* Controller */ = {
			isa = PBXGroup;
			children = (
				781CF36B27B9E73900F502E8 /* Authentication */,
				781CF36127B9E54000F502E8 /* MainTabController.swift */,
				781CF36327B9E56C00F502E8 /* FeedController.swift */,
				781CF36527B9E57A00F502E8 /* ExploreController.swift */,
				781CF36727B9E58C00F502E8 /* NotificationsController.swift */,
				781CF36927B9E59600F502E8 /* ConversationsController.swift */,
				7832816627D0040C00D59236 /* UploadTweetController.swift */,
			);
			path = Controller;
			sourceTree = "<group>";
		};
		781CF35C27B9E47C00F502E8 /* API */ = {
			isa = PBXGroup;
			children = (
				784605CF27C3190E00C43D23 /* AuthService.swift */,
				78AC859027C4138C00C98D04 /* UserService.swift */,
				7834376F27D1428D00D9E648 /* TweetService.swift */,
			);
			path = API;
			sourceTree = "<group>";
		};
		781CF35E27B9E48300F502E8 /* Utils */ = {
			isa = PBXGroup;
			children = (
				781CF35F27B9E4D700F502E8 /* Extensions.swift */,
				782E9F4A27BAD0300027A410 /* Utilities.swift */,
				785302D427C01BA3001709B4 /* Contants.swift */,
			);
			path = Utils;
			sourceTree = "<group>";
		};
		781CF36B27B9E73900F502E8 /* Authentication */ = {
			isa = PBXGroup;
			children = (
				781CF36C27B9E74800F502E8 /* LoginController.swift */,
				781CF36E27B9E80200F502E8 /* RegistrationController.swift */,
			);
			path = Authentication;
			sourceTree = "<group>";
		};
/* End PBXGroup section */

/* Begin PBXNativeTarget section */
		781CF33D27B9E22F00F502E8 /* Twitter */ = {
			isa = PBXNativeTarget;
			buildConfigurationList = 781CF35227B9E23100F502E8 /* Build configuration list for PBXNativeTarget "Twitter" */;
			buildPhases = (
				FFB9C254DECDAB164ED31566 /* [CP] Check Pods Manifest.lock */,
				781CF33A27B9E22F00F502E8 /* Sources */,
				781CF33B27B9E22F00F502E8 /* Frameworks */,
				781CF33C27B9E22F00F502E8 /* Resources */,
				5C0D89401F0919196B631BB1 /* [CP] Embed Pods Frameworks */,
			);
			buildRules = (
			);
			dependencies = (
			);
			name = Twitter;
			productName = Twitter;
			productReference = 781CF33E27B9E22F00F502E8 /* Twitter.app */;
			productType = "com.apple.product-type.application";
		};
/* End PBXNativeTarget section */

/* Begin PBXProject section */
		781CF33627B9E22F00F502E8 /* Project object */ = {
			isa = PBXProject;
			attributes = {
				BuildIndependentTargetsInParallel = 1;
				LastSwiftUpdateCheck = 1310;
				LastUpgradeCheck = 1310;
				TargetAttributes = {
					781CF33D27B9E22F00F502E8 = {
						CreatedOnToolsVersion = 13.1;
					};
				};
			};
			buildConfigurationList = 781CF33927B9E22F00F502E8 /* Build configuration list for PBXProject "Twitter" */;
			compatibilityVersion = "Xcode 13.0";
			developmentRegion = en;
			hasScannedForEncodings = 0;
			knownRegions = (
				en,
				Base,
			);
			mainGroup = 781CF33527B9E22F00F502E8;
			productRefGroup = 781CF33F27B9E22F00F502E8 /* Products */;
			projectDirPath = "";
			projectRoot = "";
			targets = (
				781CF33D27B9E22F00F502E8 /* Twitter */,
			);
		};
/* End PBXProject section */

/* Begin PBXResourcesBuildPhase section */
		781CF33C27B9E22F00F502E8 /* Resources */ = {
			isa = PBXResourcesBuildPhase;
			buildActionMask = 2147483647;
			files = (
				781CF34E27B9E23100F502E8 /* LaunchScreen.storyboard in Resources */,
				78A8E4AA27BC1F69006CF751 /* GoogleService-Info.plist in Resources */,
				781CF34B27B9E23100F502E8 /* Assets.xcassets in Resources */,
				781CF34927B9E22F00F502E8 /* Main.storyboard in Resources */,
			);
			runOnlyForDeploymentPostprocessing = 0;
		};
/* End PBXResourcesBuildPhase section */

/* Begin PBXShellScriptBuildPhase section */
		5C0D89401F0919196B631BB1 /* [CP] Embed Pods Frameworks */ = {
			isa = PBXShellScriptBuildPhase;
			buildActionMask = 2147483647;
			files = (
			);
			inputFileListPaths = (
				"${PODS_ROOT}/Target Support Files/Pods-Twitter/Pods-Twitter-frameworks-${CONFIGURATION}-input-files.xcfilelist",
			);
			name = "[CP] Embed Pods Frameworks";
			outputFileListPaths = (
				"${PODS_ROOT}/Target Support Files/Pods-Twitter/Pods-Twitter-frameworks-${CONFIGURATION}-output-files.xcfilelist",
			);
			runOnlyForDeploymentPostprocessing = 0;
			shellPath = /bin/sh;
			shellScript = "\"${PODS_ROOT}/Target Support Files/Pods-Twitter/Pods-Twitter-frameworks.sh\"\n";
			showEnvVarsInLog = 0;
		};
		FFB9C254DECDAB164ED31566 /* [CP] Check Pods Manifest.lock */ = {
			isa = PBXShellScriptBuildPhase;
			buildActionMask = 2147483647;
			files = (
			);
			inputFileListPaths = (
			);
			inputPaths = (
				"${PODS_PODFILE_DIR_PATH}/Podfile.lock",
				"${PODS_ROOT}/Manifest.lock",
			);
			name = "[CP] Check Pods Manifest.lock";
			outputFileListPaths = (
			);
			outputPaths = (
				"$(DERIVED_FILE_DIR)/Pods-Twitter-checkManifestLockResult.txt",
			);
			runOnlyForDeploymentPostprocessing = 0;
			shellPath = /bin/sh;
			shellScript = "diff \"${PODS_PODFILE_DIR_PATH}/Podfile.lock\" \"${PODS_ROOT}/Manifest.lock\" > /dev/null\nif [ $? != 0 ] ; then\n    # print error to STDERR\n    echo \"error: The sandbox is not in sync with the Podfile.lock. Run 'pod install' or update your CocoaPods installation.\" >&2\n    exit 1\nfi\n# This output is used by Xcode 'outputs' to avoid re-running this script phase.\necho \"SUCCESS\" > \"${SCRIPT_OUTPUT_FILE_0}\"\n";
			showEnvVarsInLog = 0;
		};
/* End PBXShellScriptBuildPhase section */

/* Begin PBXSourcesBuildPhase section */
		781CF33A27B9E22F00F502E8 /* Sources */ = {
			isa = PBXSourcesBuildPhase;
			buildActionMask = 2147483647;
			files = (
				78AC859127C4138C00C98D04 /* UserService.swift in Sources */,
				781CF34227B9E22F00F502E8 /* AppDelegate.swift in Sources */,
				7834376E27D136B200D9E648 /* CaptionTextView.swift in Sources */,
				781CF36027B9E4D700F502E8 /* Extensions.swift in Sources */,
				782E9F4B27BAD0300027A410 /* Utilities.swift in Sources */,
				781CF36A27B9E59600F502E8 /* ConversationsController.swift in Sources */,
				781CF36427B9E56C00F502E8 /* FeedController.swift in Sources */,
				784FE5F227D297E000E3C1ED /* TweetCell.swift in Sources */,
				781CF36227B9E54000F502E8 /* MainTabController.swift in Sources */,
				784605D027C3190E00C43D23 /* AuthService.swift in Sources */,
				7832816727D0040C00D59236 /* UploadTweetController.swift in Sources */,
				78AC859327C4190500C98D04 /* User.swift in Sources */,
				781CF36827B9E58C00F502E8 /* NotificationsController.swift in Sources */,
				781CF34427B9E22F00F502E8 /* SceneDelegate.swift in Sources */,
				781CF36D27B9E74800F502E8 /* LoginController.swift in Sources */,
				7833C56327D3DD05003D2FCF /* TweetViewModel.swift in Sources */,
				781CF36F27B9E80200F502E8 /* RegistrationController.swift in Sources */,
				781CF36627B9E57A00F502E8 /* ExploreController.swift in Sources */,
				785302D527C01BA3001709B4 /* Contants.swift in Sources */,
				784FE5F027D28FAA00E3C1ED /* Tweet.swift in Sources */,
				7834377027D1428D00D9E648 /* TweetService.swift in Sources */,
			);
			runOnlyForDeploymentPostprocessing = 0;
		};
/* End PBXSourcesBuildPhase section */

/* Begin PBXVariantGroup section */
		781CF34727B9E22F00F502E8 /* Main.storyboard */ = {
			isa = PBXVariantGroup;
			children = (
				781CF34827B9E22F00F502E8 /* Base */,
			);
			name = Main.storyboard;
			sourceTree = "<group>";
		};
		781CF34C27B9E23100F502E8 /* LaunchScreen.storyboard */ = {
			isa = PBXVariantGroup;
			children = (
				781CF34D27B9E23100F502E8 /* Base */,
			);
			name = LaunchScreen.storyboard;
			sourceTree = "<group>";
		};
/* End PBXVariantGroup section */

/* Begin XCBuildConfiguration section */
		781CF35027B9E23100F502E8 /* Debug */ = {
			isa = XCBuildConfiguration;
			buildSettings = {
				ALWAYS_SEARCH_USER_PATHS = NO;
				CLANG_ANALYZER_NONNULL = YES;
				CLANG_ANALYZER_NUMBER_OBJECT_CONVERSION = YES_AGGRESSIVE;
				CLANG_CXX_LANGUAGE_STANDARD = "gnu++17";
				CLANG_CXX_LIBRARY = "libc++";
				CLANG_ENABLE_MODULES = YES;
				CLANG_ENABLE_OBJC_ARC = YES;
				CLANG_ENABLE_OBJC_WEAK = YES;
				CLANG_WARN_BLOCK_CAPTURE_AUTORELEASING = YES;
				CLANG_WARN_BOOL_CONVERSION = YES;
				CLANG_WARN_COMMA = YES;
				CLANG_WARN_CONSTANT_CONVERSION = YES;
				CLANG_WARN_DEPRECATED_OBJC_IMPLEMENTATIONS = YES;
				CLANG_WARN_DIRECT_OBJC_ISA_USAGE = YES_ERROR;
				CLANG_WARN_DOCUMENTATION_COMMENTS = YES;
				CLANG_WARN_EMPTY_BODY = YES;
				CLANG_WARN_ENUM_CONVERSION = YES;
				CLANG_WARN_INFINITE_RECURSION = YES;
				CLANG_WARN_INT_CONVERSION = YES;
				CLANG_WARN_NON_LITERAL_NULL_CONVERSION = YES;
				CLANG_WARN_OBJC_IMPLICIT_RETAIN_SELF = YES;
				CLANG_WARN_OBJC_LITERAL_CONVERSION = YES;
				CLANG_WARN_OBJC_ROOT_CLASS = YES_ERROR;
				CLANG_WARN_QUOTED_INCLUDE_IN_FRAMEWORK_HEADER = YES;
				CLANG_WARN_RANGE_LOOP_ANALYSIS = YES;
				CLANG_WARN_STRICT_PROTOTYPES = YES;
				CLANG_WARN_SUSPICIOUS_MOVE = YES;
				CLANG_WARN_UNGUARDED_AVAILABILITY = YES_AGGRESSIVE;
				CLANG_WARN_UNREACHABLE_CODE = YES;
				CLANG_WARN__DUPLICATE_METHOD_MATCH = YES;
				COPY_PHASE_STRIP = NO;
				DEBUG_INFORMATION_FORMAT = dwarf;
				ENABLE_STRICT_OBJC_MSGSEND = YES;
				ENABLE_TESTABILITY = YES;
				GCC_C_LANGUAGE_STANDARD = gnu11;
				GCC_DYNAMIC_NO_PIC = NO;
				GCC_NO_COMMON_BLOCKS = YES;
				GCC_OPTIMIZATION_LEVEL = 0;
				GCC_PREPROCESSOR_DEFINITIONS = (
					"DEBUG=1",
					"$(inherited)",
				);
				GCC_WARN_64_TO_32_BIT_CONVERSION = YES;
				GCC_WARN_ABOUT_RETURN_TYPE = YES_ERROR;
				GCC_WARN_UNDECLARED_SELECTOR = YES;
				GCC_WARN_UNINITIALIZED_AUTOS = YES_AGGRESSIVE;
				GCC_WARN_UNUSED_FUNCTION = YES;
				GCC_WARN_UNUSED_VARIABLE = YES;
				IPHONEOS_DEPLOYMENT_TARGET = 15.0;
				MTL_ENABLE_DEBUG_INFO = INCLUDE_SOURCE;
				MTL_FAST_MATH = YES;
				ONLY_ACTIVE_ARCH = YES;
				SDKROOT = iphoneos;
				SWIFT_ACTIVE_COMPILATION_CONDITIONS = DEBUG;
				SWIFT_OPTIMIZATION_LEVEL = "-Onone";
			};
			name = Debug;
		};
		781CF35127B9E23100F502E8 /* Release */ = {
			isa = XCBuildConfiguration;
			buildSettings = {
				ALWAYS_SEARCH_USER_PATHS = NO;
				CLANG_ANALYZER_NONNULL = YES;
				CLANG_ANALYZER_NUMBER_OBJECT_CONVERSION = YES_AGGRESSIVE;
				CLANG_CXX_LANGUAGE_STANDARD = "gnu++17";
				CLANG_CXX_LIBRARY = "libc++";
				CLANG_ENABLE_MODULES = YES;
				CLANG_ENABLE_OBJC_ARC = YES;
				CLANG_ENABLE_OBJC_WEAK = YES;
				CLANG_WARN_BLOCK_CAPTURE_AUTORELEASING = YES;
				CLANG_WARN_BOOL_CONVERSION = YES;
				CLANG_WARN_COMMA = YES;
				CLANG_WARN_CONSTANT_CONVERSION = YES;
				CLANG_WARN_DEPRECATED_OBJC_IMPLEMENTATIONS = YES;
				CLANG_WARN_DIRECT_OBJC_ISA_USAGE = YES_ERROR;
				CLANG_WARN_DOCUMENTATION_COMMENTS = YES;
				CLANG_WARN_EMPTY_BODY = YES;
				CLANG_WARN_ENUM_CONVERSION = YES;
				CLANG_WARN_INFINITE_RECURSION = YES;
				CLANG_WARN_INT_CONVERSION = YES;
				CLANG_WARN_NON_LITERAL_NULL_CONVERSION = YES;
				CLANG_WARN_OBJC_IMPLICIT_RETAIN_SELF = YES;
				CLANG_WARN_OBJC_LITERAL_CONVERSION = YES;
				CLANG_WARN_OBJC_ROOT_CLASS = YES_ERROR;
				CLANG_WARN_QUOTED_INCLUDE_IN_FRAMEWORK_HEADER = YES;
				CLANG_WARN_RANGE_LOOP_ANALYSIS = YES;
				CLANG_WARN_STRICT_PROTOTYPES = YES;
				CLANG_WARN_SUSPICIOUS_MOVE = YES;
				CLANG_WARN_UNGUARDED_AVAILABILITY = YES_AGGRESSIVE;
				CLANG_WARN_UNREACHABLE_CODE = YES;
				CLANG_WARN__DUPLICATE_METHOD_MATCH = YES;
				COPY_PHASE_STRIP = NO;
				DEBUG_INFORMATION_FORMAT = "dwarf-with-dsym";
				ENABLE_NS_ASSERTIONS = NO;
				ENABLE_STRICT_OBJC_MSGSEND = YES;
				GCC_C_LANGUAGE_STANDARD = gnu11;
				GCC_NO_COMMON_BLOCKS = YES;
				GCC_WARN_64_TO_32_BIT_CONVERSION = YES;
				GCC_WARN_ABOUT_RETURN_TYPE = YES_ERROR;
				GCC_WARN_UNDECLARED_SELECTOR = YES;
				GCC_WARN_UNINITIALIZED_AUTOS = YES_AGGRESSIVE;
				GCC_WARN_UNUSED_FUNCTION = YES;
				GCC_WARN_UNUSED_VARIABLE = YES;
				IPHONEOS_DEPLOYMENT_TARGET = 15.0;
				MTL_ENABLE_DEBUG_INFO = NO;
				MTL_FAST_MATH = YES;
				SDKROOT = iphoneos;
				SWIFT_COMPILATION_MODE = wholemodule;
				SWIFT_OPTIMIZATION_LEVEL = "-O";
				VALIDATE_PRODUCT = YES;
			};
			name = Release;
		};
		781CF35327B9E23100F502E8 /* Debug */ = {
			isa = XCBuildConfiguration;
			baseConfigurationReference = 5A6CD07E646D56D54A9ED2C2 /* Pods-Twitter.debug.xcconfig */;
			buildSettings = {
				ASSETCATALOG_COMPILER_APPICON_NAME = AppIcon;
				ASSETCATALOG_COMPILER_GLOBAL_ACCENT_COLOR_NAME = AccentColor;
				CODE_SIGN_STYLE = Automatic;
				CURRENT_PROJECT_VERSION = 1;
				DEVELOPMENT_TEAM = GQF65556QY;
				GENERATE_INFOPLIST_FILE = YES;
				INFOPLIST_FILE = Twitter/Info.plist;
				INFOPLIST_KEY_UIApplicationSupportsIndirectInputEvents = YES;
				INFOPLIST_KEY_UILaunchStoryboardName = LaunchScreen;
				INFOPLIST_KEY_UIMainStoryboardFile = Main;
				INFOPLIST_KEY_UISupportedInterfaceOrientations = "UIInterfaceOrientationLandscapeRight UIInterfaceOrientationLandscapeLeft UIInterfaceOrientationPortrait";
				INFOPLIST_KEY_UISupportedInterfaceOrientations_iPad = "UIInterfaceOrientationPortrait UIInterfaceOrientationPortraitUpsideDown UIInterfaceOrientationLandscapeLeft UIInterfaceOrientationLandscapeRight";
				INFOPLIST_KEY_UISupportedInterfaceOrientations_iPhone = "UIInterfaceOrientationPortrait UIInterfaceOrientationLandscapeLeft UIInterfaceOrientationLandscapeRight";
				LD_RUNPATH_SEARCH_PATHS = (
					"$(inherited)",
					"@executable_path/Frameworks",
				);
				MARKETING_VERSION = 1.0;
				PRODUCT_BUNDLE_IDENTIFIER = johnallen.dev.Twitter;
				PRODUCT_NAME = "$(TARGET_NAME)";
				SWIFT_EMIT_LOC_STRINGS = YES;
				SWIFT_VERSION = 5.0;
				TARGETED_DEVICE_FAMILY = "1,2";
			};
			name = Debug;
		};
		781CF35427B9E23100F502E8 /* Release */ = {
			isa = XCBuildConfiguration;
			baseConfigurationReference = D4C5528C14C275544C640930 /* Pods-Twitter.release.xcconfig */;
			buildSettings = {
				ASSETCATALOG_COMPILER_APPICON_NAME = AppIcon;
				ASSETCATALOG_COMPILER_GLOBAL_ACCENT_COLOR_NAME = AccentColor;
				CODE_SIGN_STYLE = Automatic;
				CURRENT_PROJECT_VERSION = 1;
				DEVELOPMENT_TEAM = GQF65556QY;
				GENERATE_INFOPLIST_FILE = YES;
				INFOPLIST_FILE = Twitter/Info.plist;
				INFOPLIST_KEY_UIApplicationSupportsIndirectInputEvents = YES;
				INFOPLIST_KEY_UILaunchStoryboardName = LaunchScreen;
				INFOPLIST_KEY_UIMainStoryboardFile = Main;
				INFOPLIST_KEY_UISupportedInterfaceOrientations = "UIInterfaceOrientationLandscapeRight UIInterfaceOrientationLandscapeLeft UIInterfaceOrientationPortrait";
				INFOPLIST_KEY_UISupportedInterfaceOrientations_iPad = "UIInterfaceOrientationPortrait UIInterfaceOrientationPortraitUpsideDown UIInterfaceOrientationLandscapeLeft UIInterfaceOrientationLandscapeRight";
				INFOPLIST_KEY_UISupportedInterfaceOrientations_iPhone = "UIInterfaceOrientationPortrait UIInterfaceOrientationLandscapeLeft UIInterfaceOrientationLandscapeRight";
				LD_RUNPATH_SEARCH_PATHS = (
					"$(inherited)",
					"@executable_path/Frameworks",
				);
				MARKETING_VERSION = 1.0;
				PRODUCT_BUNDLE_IDENTIFIER = johnallen.dev.Twitter;
				PRODUCT_NAME = "$(TARGET_NAME)";
				SWIFT_EMIT_LOC_STRINGS = YES;
				SWIFT_VERSION = 5.0;
				TARGETED_DEVICE_FAMILY = "1,2";
			};
			name = Release;
		};
/* End XCBuildConfiguration section */

/* Begin XCConfigurationList section */
		781CF33927B9E22F00F502E8 /* Build configuration list for PBXProject "Twitter" */ = {
			isa = XCConfigurationList;
			buildConfigurations = (
				781CF35027B9E23100F502E8 /* Debug */,
				781CF35127B9E23100F502E8 /* Release */,
			);
			defaultConfigurationIsVisible = 0;
			defaultConfigurationName = Release;
		};
		781CF35227B9E23100F502E8 /* Build configuration list for PBXNativeTarget "Twitter" */ = {
			isa = XCConfigurationList;
			buildConfigurations = (
				781CF35327B9E23100F502E8 /* Debug */,
				781CF35427B9E23100F502E8 /* Release */,
			);
			defaultConfigurationIsVisible = 0;
			defaultConfigurationName = Release;
		};
/* End XCConfigurationList section */
	};
	rootObject = 781CF33627B9E22F00F502E8 /* Project object */;
}
